
Microsoft Visual Studio Solution File, Format Version 12.00
# Visual Studio Version 17
VisualStudioVersion = 17.5.33516.290
MinimumVisualStudioVersion = 10.0.40219.1
Project("{9A19103F-16F7-4668-BE54-9A1E7A4F7556}") = "Gamba", "GambaDotnet\Gamba.csproj", "{3CA977FE-7F5A-4B2E-B7A1-6BE577F88ECE}"
EndProject
Project("{9A19103F-16F7-4668-BE54-9A1E7A4F7556}") = "Gamba.Testing", "Gamba.Testing\Gamba.Testing.csproj", "{68ED3751-1773-419F-B5FD-9B39B482AA03}"
EndProject
Project("{8BC9CEB8-8B4A-11D0-8D11-00A0C91BC942}") = "Gamba.Native", "Gamba.Native\Gamba.Native.vcxproj", "{9C4F3005-CB18-4655-B92F-0CC2BE2C5E81}"
EndProject
Project("{FAE04EC0-301F-11D3-BF4B-00C04F79EFBC}") = "Gamba.UnitTests", "Gamba.UnitTests\Gamba.UnitTests.csproj", "{75D69A7F-A220-4529-B4DB-B85F6243CA21}"
EndProject
Global
	GlobalSection(SolutionConfigurationPlatforms) = preSolution
		Debug|Any CPU = Debug|Any CPU
		Debug|x64 = Debug|x64
		Debug|x86 = Debug|x86
		Release|Any CPU = Release|Any CPU
		Release|x64 = Release|x64
		Release|x86 = Release|x86
	EndGlobalSection
	GlobalSection(ProjectConfigurationPlatforms) = postSolution
		{3CA977FE-7F5A-4B2E-B7A1-6BE577F88ECE}.Debug|Any CPU.ActiveCfg = Debug|x64
		{3CA977FE-7F5A-4B2E-B7A1-6BE577F88ECE}.Debug|Any CPU.Build.0 = Debug|x64
		{3CA977FE-7F5A-4B2E-B7A1-6BE577F88ECE}.Debug|x64.ActiveCfg = Debug|x64
		{3CA977FE-7F5A-4B2E-B7A1-6BE577F88ECE}.Debug|x64.Build.0 = Debug|x64
		{3CA977FE-7F5A-4B2E-B7A1-6BE577F88ECE}.Debug|x86.ActiveCfg = Debug|Any CPU
		{3CA977FE-7F5A-4B2E-B7A1-6BE577F88ECE}.Debug|x86.Build.0 = Debug|Any CPU
		{3CA977FE-7F5A-4B2E-B7A1-6BE577F88ECE}.Release|Any CPU.ActiveCfg = Release|Any CPU
		{3CA977FE-7F5A-4B2E-B7A1-6BE577F88ECE}.Release|Any CPU.Build.0 = Release|Any CPU
		{3CA977FE-7F5A-4B2E-B7A1-6BE577F88ECE}.Release|x64.ActiveCfg = Release|x64
		{3CA977FE-7F5A-4B2E-B7A1-6BE577F88ECE}.Release|x64.Build.0 = Release|x64
		{3CA977FE-7F5A-4B2E-B7A1-6BE577F88ECE}.Release|x86.ActiveCfg = Release|Any CPU
		{3CA977FE-7F5A-4B2E-B7A1-6BE577F88ECE}.Release|x86.Build.0 = Release|Any CPU
		{68ED3751-1773-419F-B5FD-9B39B482AA03}.Debug|Any CPU.ActiveCfg = Debug|Any CPU
		{68ED3751-1773-419F-B5FD-9B39B482AA03}.Debug|Any CPU.Build.0 = Debug|Any CPU
		{68ED3751-1773-419F-B5FD-9B39B482AA03}.Debug|x64.ActiveCfg = Debug|Any CPU
		{68ED3751-1773-419F-B5FD-9B39B482AA03}.Debug|x64.Build.0 = Debug|Any CPU
		{68ED3751-1773-419F-B5FD-9B39B482AA03}.Debug|x86.ActiveCfg = Debug|Any CPU
		{68ED3751-1773-419F-B5FD-9B39B482AA03}.Debug|x86.Build.0 = Debug|Any CPU
		{68ED3751-1773-419F-B5FD-9B39B482AA03}.Release|Any CPU.ActiveCfg = Release|Any CPU
		{68ED3751-1773-419F-B5FD-9B39B482AA03}.Release|Any CPU.Build.0 = Release|Any CPU
		{68ED3751-1773-419F-B5FD-9B39B482AA03}.Release|x64.ActiveCfg = Debug|x64
		{68ED3751-1773-419F-B5FD-9B39B482AA03}.Release|x64.Build.0 = Debug|x64
		{68ED3751-1773-419F-B5FD-9B39B482AA03}.Release|x86.ActiveCfg = Release|Any CPU
		{68ED3751-1773-419F-B5FD-9B39B482AA03}.Release|x86.Build.0 = Release|Any CPU
		{9C4F3005-CB18-4655-B92F-0CC2BE2C5E81}.Debug|Any CPU.ActiveCfg = Debug|x64
		{9C4F3005-CB18-4655-B92F-0CC2BE2C5E81}.Debug|Any CPU.Build.0 = Debug|x64
		{9C4F3005-CB18-4655-B92F-0CC2BE2C5E81}.Debug|x64.ActiveCfg = Release|x64
		{9C4F3005-CB18-4655-B92F-0CC2BE2C5E81}.Debug|x64.Build.0 = Release|x64
		{9C4F3005-CB18-4655-B92F-0CC2BE2C5E81}.Debug|x86.ActiveCfg = Debug|Win32
		{9C4F3005-CB18-4655-B92F-0CC2BE2C5E81}.Debug|x86.Build.0 = Debug|Win32
		{9C4F3005-CB18-4655-B92F-0CC2BE2C5E81}.Release|Any CPU.ActiveCfg = Release|x64
		{9C4F3005-CB18-4655-B92F-0CC2BE2C5E81}.Release|Any CPU.Build.0 = Release|x64
		{9C4F3005-CB18-4655-B92F-0CC2BE2C5E81}.Release|x64.ActiveCfg = Release|x64
		{9C4F3005-CB18-4655-B92F-0CC2BE2C5E81}.Release|x64.Build.0 = Release|x64
		{9C4F3005-CB18-4655-B92F-0CC2BE2C5E81}.Release|x86.ActiveCfg = Release|Win32
		{9C4F3005-CB18-4655-B92F-0CC2BE2C5E81}.Release|x86.Build.0 = Release|Win32
		{75D69A7F-A220-4529-B4DB-B85F6243CA21}.Debug|Any CPU.ActiveCfg = Debug|Any CPU
		{75D69A7F-A220-4529-B4DB-B85F6243CA21}.Debug|Any CPU.Build.0 = Debug|Any CPU
		{75D69A7F-A220-4529-B4DB-B85F6243CA21}.Debug|x64.ActiveCfg = Debug|x64
		{75D69A7F-A220-4529-B4DB-B85F6243CA21}.Debug|x64.Build.0 = Debug|x64
		{75D69A7F-A220-4529-B4DB-B85F6243CA21}.Debug|x86.ActiveCfg = Debug|Any CPU
		{75D69A7F-A220-4529-B4DB-B85F6243CA21}.Debug|x86.Build.0 = Debug|Any CPU
		{75D69A7F-A220-4529-B4DB-B85F6243CA21}.Release|Any CPU.ActiveCfg = Release|Any CPU
		{75D69A7F-A220-4529-B4DB-B85F6243CA21}.Release|Any CPU.Build.0 = Release|Any CPU
		{75D69A7F-A220-4529-B4DB-B85F6243CA21}.Release|x64.ActiveCfg = Release|Any CPU
		{75D69A7F-A220-4529-B4DB-B85F6243CA21}.Release|x64.Build.0 = Release|Any CPU
		{75D69A7F-A220-4529-B4DB-B85F6243CA21}.Release|x86.ActiveCfg = Release|Any CPU
		{75D69A7F-A220-4529-B4DB-B85F6243CA21}.Release|x86.Build.0 = Release|Any CPU
	EndGlobalSection
	GlobalSection(SolutionProperties) = preSolution
		HideSolutionNode = FALSE
	EndGlobalSection
	GlobalSection(ExtensibilityGlobals) = postSolution
		SolutionGuid = {34961F50-C7E2-430D-BB02-7115C7174269}
	EndGlobalSection
EndGlobal
